
Microsoft Visual Studio Solution File, Format Version 12.00
# Visual Studio Version 16
VisualStudioVersion = 16.0.31911.196
MinimumVisualStudioVersion = 10.0.40219.1
Project("{FAE04EC0-301F-11D3-BF4B-00C04F79EFBC}") = "Average Of Numbers", "Average Of Numbers\Average Of Numbers.csproj", "{DAC571D0-D295-4B0F-B1C1-AB3D9B63DFCB}"
EndProject
Global
	GlobalSection(SolutionConfigurationPlatforms) = preSolution
		Debug|Any CPU = Debug|Any CPU
		Release|Any CPU = Release|Any CPU
	EndGlobalSection
	GlobalSection(ProjectConfigurationPlatforms) = postSolution
		{DAC571D0-D295-4B0F-B1C1-AB3D9B63DFCB}.Debug|Any CPU.ActiveCfg = Debug|Any CPU
		{DAC571D0-D295-4B0F-B1C1-AB3D9B63DFCB}.Debug|Any CPU.Build.0 = Debug|Any CPU
		{DAC571D0-D295-4B0F-B1C1-AB3D9B63DFCB}.Release|Any CPU.ActiveCfg = Release|Any CPU
		{DAC571D0-D295-4B0F-B1C1-AB3D9B63DFCB}.Release|Any CPU.Build.0 = Release|Any CPU
	EndGlobalSection
	GlobalSection(SolutionProperties) = preSolution
		HideSolutionNode = FALSE
	EndGlobalSection
	GlobalSection(ExtensibilityGlobals) = postSolution
		SolutionGuid = {DA4A9D9E-A494-4868-A800-796EB68B8E57}
	EndGlobalSection
EndGlobal
