
Microsoft Visual Studio Solution File, Format Version 12.00
# Visual Studio Version 16
VisualStudioVersion = 16.0.31911.196
MinimumVisualStudioVersion = 10.0.40219.1
Project("{FAE04EC0-301F-11D3-BF4B-00C04F79EFBC}") = "AddSubMulDiv", "AddSubMulDiv\AddSubMulDiv.csproj", "{D09ED121-58F0-423A-A1CB-BEF7C2F72D44}"
EndProject
Global
	GlobalSection(SolutionConfigurationPlatforms) = preSolution
		Debug|Any CPU = Debug|Any CPU
		Release|Any CPU = Release|Any CPU
	EndGlobalSection
	GlobalSection(ProjectConfigurationPlatforms) = postSolution
		{D09ED121-58F0-423A-A1CB-BEF7C2F72D44}.Debug|Any CPU.ActiveCfg = Debug|Any CPU
		{D09ED121-58F0-423A-A1CB-BEF7C2F72D44}.Debug|Any CPU.Build.0 = Debug|Any CPU
		{D09ED121-58F0-423A-A1CB-BEF7C2F72D44}.Release|Any CPU.ActiveCfg = Release|Any CPU
		{D09ED121-58F0-423A-A1CB-BEF7C2F72D44}.Release|Any CPU.Build.0 = Release|Any CPU
	EndGlobalSection
	GlobalSection(SolutionProperties) = preSolution
		HideSolutionNode = FALSE
	EndGlobalSection
	GlobalSection(ExtensibilityGlobals) = postSolution
		SolutionGuid = {DD3BB693-0234-46BE-A837-05C951F6FE7E}
	EndGlobalSection
EndGlobal
