
Microsoft Visual Studio Solution File, Format Version 12.00
# Visual Studio Version 16
VisualStudioVersion = 16.0.31911.196
MinimumVisualStudioVersion = 10.0.40219.1
Project("{FAE04EC0-301F-11D3-BF4B-00C04F79EFBC}") = "Remove Specified Char", "Remove Specified Char\Remove Specified Char.csproj", "{D326EAF9-86FF-470B-84FD-AB5D3FF95F20}"
EndProject
Global
	GlobalSection(SolutionConfigurationPlatforms) = preSolution
		Debug|Any CPU = Debug|Any CPU
		Release|Any CPU = Release|Any CPU
	EndGlobalSection
	GlobalSection(ProjectConfigurationPlatforms) = postSolution
		{D326EAF9-86FF-470B-84FD-AB5D3FF95F20}.Debug|Any CPU.ActiveCfg = Debug|Any CPU
		{D326EAF9-86FF-470B-84FD-AB5D3FF95F20}.Debug|Any CPU.Build.0 = Debug|Any CPU
		{D326EAF9-86FF-470B-84FD-AB5D3FF95F20}.Release|Any CPU.ActiveCfg = Release|Any CPU
		{D326EAF9-86FF-470B-84FD-AB5D3FF95F20}.Release|Any CPU.Build.0 = Release|Any CPU
	EndGlobalSection
	GlobalSection(SolutionProperties) = preSolution
		HideSolutionNode = FALSE
	EndGlobalSection
	GlobalSection(ExtensibilityGlobals) = postSolution
		SolutionGuid = {CC9553A1-C8CE-48EB-8AF7-E82D72C9715D}
	EndGlobalSection
EndGlobal
